// !$*UTF8*$!
{
	archiveVersion = 1;
	classes = {
	};
	objectVersion = 48;
	objects = {

/* Begin PBXBuildFile section */
		480471771FDB867F0084202D /* UICard.swift in Sources */ = {isa = PBXBuildFile; fileRef = 480471761FDB867F0084202D /* UICard.swift */; };
		480975351FDA171800EB9336 /* Extensions.swift in Sources */ = {isa = PBXBuildFile; fileRef = 480975341FDA171800EB9336 /* Extensions.swift */; };
		488047F41FD75C7F0047ED55 /* SetCard.swift in Sources */ = {isa = PBXBuildFile; fileRef = 488047F31FD75C7F0047ED55 /* SetCard.swift */; };
		488047F61FD7651B0047ED55 /* SetCardDeck.swift in Sources */ = {isa = PBXBuildFile; fileRef = 488047F51FD7651B0047ED55 /* SetCardDeck.swift */; };
		488047F81FD76D910047ED55 /* SetGame.swift in Sources */ = {isa = PBXBuildFile; fileRef = 488047F71FD76D910047ED55 /* SetGame.swift */; };
		48BE93861FD50A4400AE23C7 /* AppDelegate.swift in Sources */ = {isa = PBXBuildFile; fileRef = 48BE93851FD50A4400AE23C7 /* AppDelegate.swift */; };
		48BE93881FD50A4400AE23C7 /* SetViewController.swift in Sources */ = {isa = PBXBuildFile; fileRef = 48BE93871FD50A4400AE23C7 /* SetViewController.swift */; };
		48BE938B1FD50A4400AE23C7 /* Main.storyboard in Resources */ = {isa = PBXBuildFile; fileRef = 48BE93891FD50A4400AE23C7 /* Main.storyboard */; };
		48BE938D1FD50A4400AE23C7 /* Assets.xcassets in Resources */ = {isa = PBXBuildFile; fileRef = 48BE938C1FD50A4400AE23C7 /* Assets.xcassets */; };
		48BE93901FD50A4400AE23C7 /* LaunchScreen.storyboard in Resources */ = {isa = PBXBuildFile; fileRef = 48BE938E1FD50A4400AE23C7 /* LaunchScreen.storyboard */; };
		48BE939B1FD50A4400AE23C7 /* SetGameTests.swift in Sources */ = {isa = PBXBuildFile; fileRef = 48BE939A1FD50A4400AE23C7 /* SetGameTests.swift */; };
		48BE93A61FD50A4400AE23C7 /* SetUITests.swift in Sources */ = {isa = PBXBuildFile; fileRef = 48BE93A51FD50A4400AE23C7 /* SetUITests.swift */; };
/* End PBXBuildFile section */

/* Begin PBXContainerItemProxy section */
		48BE93971FD50A4400AE23C7 /* PBXContainerItemProxy */ = {
			isa = PBXContainerItemProxy;
			containerPortal = 48BE937A1FD50A4400AE23C7 /* Project object */;
			proxyType = 1;
			remoteGlobalIDString = 48BE93811FD50A4400AE23C7;
			remoteInfo = Set;
		};
		48BE93A21FD50A4400AE23C7 /* PBXContainerItemProxy */ = {
			isa = PBXContainerItemProxy;
			containerPortal = 48BE937A1FD50A4400AE23C7 /* Project object */;
			proxyType = 1;
			remoteGlobalIDString = 48BE93811FD50A4400AE23C7;
			remoteInfo = Set;
		};
/* End PBXContainerItemProxy section */

/* Begin PBXFileReference section */
		480471761FDB867F0084202D /* UICard.swift */ = {isa = PBXFileReference; lastKnownFileType = sourcecode.swift; path = UICard.swift; sourceTree = "<group>"; };
		480975341FDA171800EB9336 /* Extensions.swift */ = {isa = PBXFileReference; fileEncoding = 4; lastKnownFileType = sourcecode.swift; name = Extensions.swift; path = "../../../Concentration/Concentration/Supporting Files/Extensions.swift"; sourceTree = "<group>"; };
		488047F31FD75C7F0047ED55 /* SetCard.swift */ = {isa = PBXFileReference; lastKnownFileType = sourcecode.swift; path = SetCard.swift; sourceTree = "<group>"; };
		488047F51FD7651B0047ED55 /* SetCardDeck.swift */ = {isa = PBXFileReference; lastKnownFileType = sourcecode.swift; path = SetCardDeck.swift; sourceTree = "<group>"; };
		488047F71FD76D910047ED55 /* SetGame.swift */ = {isa = PBXFileReference; lastKnownFileType = sourcecode.swift; path = SetGame.swift; sourceTree = "<group>"; };
		48BE93821FD50A4400AE23C7 /* Set.app */ = {isa = PBXFileReference; explicitFileType = wrapper.application; includeInIndex = 0; path = Set.app; sourceTree = BUILT_PRODUCTS_DIR; };
		48BE93851FD50A4400AE23C7 /* AppDelegate.swift */ = {isa = PBXFileReference; lastKnownFileType = sourcecode.swift; path = AppDelegate.swift; sourceTree = "<group>"; };
		48BE93871FD50A4400AE23C7 /* SetViewController.swift */ = {isa = PBXFileReference; lastKnownFileType = sourcecode.swift; path = SetViewController.swift; sourceTree = "<group>"; };
		48BE938A1FD50A4400AE23C7 /* Base */ = {isa = PBXFileReference; lastKnownFileType = file.storyboard; name = Base; path = Base.lproj/Main.storyboard; sourceTree = "<group>"; };
		48BE938C1FD50A4400AE23C7 /* Assets.xcassets */ = {isa = PBXFileReference; lastKnownFileType = folder.assetcatalog; path = Assets.xcassets; sourceTree = "<group>"; };
		48BE938F1FD50A4400AE23C7 /* Base */ = {isa = PBXFileReference; lastKnownFileType = file.storyboard; name = Base; path = Base.lproj/LaunchScreen.storyboard; sourceTree = "<group>"; };
		48BE93911FD50A4400AE23C7 /* Info.plist */ = {isa = PBXFileReference; lastKnownFileType = text.plist.xml; path = Info.plist; sourceTree = "<group>"; };
		48BE93961FD50A4400AE23C7 /* SetTests.xctest */ = {isa = PBXFileReference; explicitFileType = wrapper.cfbundle; includeInIndex = 0; path = SetTests.xctest; sourceTree = BUILT_PRODUCTS_DIR; };
		48BE939A1FD50A4400AE23C7 /* SetGameTests.swift */ = {isa = PBXFileReference; lastKnownFileType = sourcecode.swift; path = SetGameTests.swift; sourceTree = "<group>"; };
		48BE939C1FD50A4400AE23C7 /* Info.plist */ = {isa = PBXFileReference; lastKnownFileType = text.plist.xml; path = Info.plist; sourceTree = "<group>"; };
		48BE93A11FD50A4400AE23C7 /* SetUITests.xctest */ = {isa = PBXFileReference; explicitFileType = wrapper.cfbundle; includeInIndex = 0; path = SetUITests.xctest; sourceTree = BUILT_PRODUCTS_DIR; };
		48BE93A51FD50A4400AE23C7 /* SetUITests.swift */ = {isa = PBXFileReference; lastKnownFileType = sourcecode.swift; path = SetUITests.swift; sourceTree = "<group>"; };
		48BE93A71FD50A4400AE23C7 /* Info.plist */ = {isa = PBXFileReference; lastKnownFileType = text.plist.xml; path = Info.plist; sourceTree = "<group>"; };
/* End PBXFileReference section */

/* Begin PBXFrameworksBuildPhase section */
		48BE937F1FD50A4400AE23C7 /* Frameworks */ = {
			isa = PBXFrameworksBuildPhase;
			buildActionMask = 2147483647;
			files = (
			);
			runOnlyForDeploymentPostprocessing = 0;
		};
		48BE93931FD50A4400AE23C7 /* Frameworks */ = {
			isa = PBXFrameworksBuildPhase;
			buildActionMask = 2147483647;
			files = (
			);
			runOnlyForDeploymentPostprocessing = 0;
		};
		48BE939E1FD50A4400AE23C7 /* Frameworks */ = {
			isa = PBXFrameworksBuildPhase;
			buildActionMask = 2147483647;
			files = (
			);
			runOnlyForDeploymentPostprocessing = 0;
		};
/* End PBXFrameworksBuildPhase section */

/* Begin PBXGroup section */
		488047F21FD756210047ED55 /* Supporting Files */ = {
			isa = PBXGroup;
			children = (
				480975341FDA171800EB9336 /* Extensions.swift */,
				48BE93851FD50A4400AE23C7 /* AppDelegate.swift */,
				48BE938E1FD50A4400AE23C7 /* LaunchScreen.storyboard */,
			);
			path = "Supporting Files";
			sourceTree = "<group>";
		};
		48BE93791FD50A4400AE23C7 = {
			isa = PBXGroup;
			children = (
				48BE93841FD50A4400AE23C7 /* Set */,
				48BE93991FD50A4400AE23C7 /* SetTests */,
				48BE93A41FD50A4400AE23C7 /* SetUITests */,
				48BE93831FD50A4400AE23C7 /* Products */,
			);
			sourceTree = "<group>";
		};
		48BE93831FD50A4400AE23C7 /* Products */ = {
			isa = PBXGroup;
			children = (
				48BE93821FD50A4400AE23C7 /* Set.app */,
				48BE93961FD50A4400AE23C7 /* SetTests.xctest */,
				48BE93A11FD50A4400AE23C7 /* SetUITests.xctest */,
			);
			name = Products;
			sourceTree = "<group>";
		};
		48BE93841FD50A4400AE23C7 /* Set */ = {
			isa = PBXGroup;
			children = (
				480471761FDB867F0084202D /* UICard.swift */,
				48BE93871FD50A4400AE23C7 /* SetViewController.swift */,
				488047F71FD76D910047ED55 /* SetGame.swift */,
				488047F51FD7651B0047ED55 /* SetCardDeck.swift */,
				488047F31FD75C7F0047ED55 /* SetCard.swift */,
				48BE93891FD50A4400AE23C7 /* Main.storyboard */,
				48BE938C1FD50A4400AE23C7 /* Assets.xcassets */,
				488047F21FD756210047ED55 /* Supporting Files */,
				48BE93911FD50A4400AE23C7 /* Info.plist */,
			);
			path = Set;
			sourceTree = "<group>";
		};
		48BE93991FD50A4400AE23C7 /* SetTests */ = {
			isa = PBXGroup;
			children = (
				48BE939A1FD50A4400AE23C7 /* SetGameTests.swift */,
				48BE939C1FD50A4400AE23C7 /* Info.plist */,
			);
			path = SetTests;
			sourceTree = "<group>";
		};
		48BE93A41FD50A4400AE23C7 /* SetUITests */ = {
			isa = PBXGroup;
			children = (
				48BE93A51FD50A4400AE23C7 /* SetUITests.swift */,
				48BE93A71FD50A4400AE23C7 /* Info.plist */,
			);
			path = SetUITests;
			sourceTree = "<group>";
		};
/* End PBXGroup section */

/* Begin PBXNativeTarget section */
		48BE93811FD50A4400AE23C7 /* Set */ = {
			isa = PBXNativeTarget;
			buildConfigurationList = 48BE93AA1FD50A4400AE23C7 /* Build configuration list for PBXNativeTarget "Set" */;
			buildPhases = (
				48BE937E1FD50A4400AE23C7 /* Sources */,
				48BE937F1FD50A4400AE23C7 /* Frameworks */,
				48BE93801FD50A4400AE23C7 /* Resources */,
			);
			buildRules = (
			);
			dependencies = (
			);
			name = Set;
			productName = Set;
			productReference = 48BE93821FD50A4400AE23C7 /* Set.app */;
			productType = "com.apple.product-type.application";
		};
		48BE93951FD50A4400AE23C7 /* SetTests */ = {
			isa = PBXNativeTarget;
			buildConfigurationList = 48BE93AD1FD50A4400AE23C7 /* Build configuration list for PBXNativeTarget "SetTests" */;
			buildPhases = (
				48BE93921FD50A4400AE23C7 /* Sources */,
				48BE93931FD50A4400AE23C7 /* Frameworks */,
				48BE93941FD50A4400AE23C7 /* Resources */,
			);
			buildRules = (
			);
			dependencies = (
				48BE93981FD50A4400AE23C7 /* PBXTargetDependency */,
			);
			name = SetTests;
			productName = SetTests;
			productReference = 48BE93961FD50A4400AE23C7 /* SetTests.xctest */;
			productType = "com.apple.product-type.bundle.unit-test";
		};
		48BE93A01FD50A4400AE23C7 /* SetUITests */ = {
			isa = PBXNativeTarget;
			buildConfigurationList = 48BE93B01FD50A4400AE23C7 /* Build configuration list for PBXNativeTarget "SetUITests" */;
			buildPhases = (
				48BE939D1FD50A4400AE23C7 /* Sources */,
				48BE939E1FD50A4400AE23C7 /* Frameworks */,
				48BE939F1FD50A4400AE23C7 /* Resources */,
			);
			buildRules = (
			);
			dependencies = (
				48BE93A31FD50A4400AE23C7 /* PBXTargetDependency */,
			);
			name = SetUITests;
			productName = SetUITests;
			productReference = 48BE93A11FD50A4400AE23C7 /* SetUITests.xctest */;
			productType = "com.apple.product-type.bundle.ui-testing";
		};
/* End PBXNativeTarget section */

/* Begin PBXProject section */
		48BE937A1FD50A4400AE23C7 /* Project object */ = {
			isa = PBXProject;
			attributes = {
				LastSwiftUpdateCheck = 0910;
				LastUpgradeCheck = 0910;
				ORGANIZATIONNAME = "Aditya Bhat";
				TargetAttributes = {
					48BE93811FD50A4400AE23C7 = {
						CreatedOnToolsVersion = 9.1;
						ProvisioningStyle = Automatic;
					};
					48BE93951FD50A4400AE23C7 = {
						CreatedOnToolsVersion = 9.1;
						ProvisioningStyle = Automatic;
						TestTargetID = 48BE93811FD50A4400AE23C7;
					};
					48BE93A01FD50A4400AE23C7 = {
						CreatedOnToolsVersion = 9.1;
						ProvisioningStyle = Automatic;
						TestTargetID = 48BE93811FD50A4400AE23C7;
					};
				};
			};
			buildConfigurationList = 48BE937D1FD50A4400AE23C7 /* Build configuration list for PBXProject "Set" */;
			compatibilityVersion = "Xcode 8.0";
			developmentRegion = en;
			hasScannedForEncodings = 0;
			knownRegions = (
				en,
				Base,
			);
			mainGroup = 48BE93791FD50A4400AE23C7;
			productRefGroup = 48BE93831FD50A4400AE23C7 /* Products */;
			projectDirPath = "";
			projectRoot = "";
			targets = (
				48BE93811FD50A4400AE23C7 /* Set */,
				48BE93951FD50A4400AE23C7 /* SetTests */,
				48BE93A01FD50A4400AE23C7 /* SetUITests */,
			);
		};
/* End PBXProject section */

/* Begin PBXResourcesBuildPhase section */
		48BE93801FD50A4400AE23C7 /* Resources */ = {
			isa = PBXResourcesBuildPhase;
			buildActionMask = 2147483647;
			files = (
				48BE93901FD50A4400AE23C7 /* LaunchScreen.storyboard in Resources */,
				48BE938D1FD50A4400AE23C7 /* Assets.xcassets in Resources */,
				48BE938B1FD50A4400AE23C7 /* Main.storyboard in Resources */,
			);
			runOnlyForDeploymentPostprocessing = 0;
		};
		48BE93941FD50A4400AE23C7 /* Resources */ = {
			isa = PBXResourcesBuildPhase;
			buildActionMask = 2147483647;
			files = (
			);
			runOnlyForDeploymentPostprocessing = 0;
		};
		48BE939F1FD50A4400AE23C7 /* Resources */ = {
			isa = PBXResourcesBuildPhase;
			buildActionMask = 2147483647;
			files = (
			);
			runOnlyForDeploymentPostprocessing = 0;
		};
/* End PBXResourcesBuildPhase section */

/* Begin PBXSourcesBuildPhase section */
		48BE937E1FD50A4400AE23C7 /* Sources */ = {
			isa = PBXSourcesBuildPhase;
			buildActionMask = 2147483647;
			files = (
				488047F41FD75C7F0047ED55 /* SetCard.swift in Sources */,
				480975351FDA171800EB9336 /* Extensions.swift in Sources */,
				488047F61FD7651B0047ED55 /* SetCardDeck.swift in Sources */,
				488047F81FD76D910047ED55 /* SetGame.swift in Sources */,
				48BE93881FD50A4400AE23C7 /* SetViewController.swift in Sources */,
				480471771FDB867F0084202D /* UICard.swift in Sources */,
				48BE93861FD50A4400AE23C7 /* AppDelegate.swift in Sources */,
			);
			runOnlyForDeploymentPostprocessing = 0;
		};
		48BE93921FD50A4400AE23C7 /* Sources */ = {
			isa = PBXSourcesBuildPhase;
			buildActionMask = 2147483647;
			files = (
				48BE939B1FD50A4400AE23C7 /* SetGameTests.swift in Sources */,
			);
			runOnlyForDeploymentPostprocessing = 0;
		};
		48BE939D1FD50A4400AE23C7 /* Sources */ = {
			isa = PBXSourcesBuildPhase;
			buildActionMask = 2147483647;
			files = (
				48BE93A61FD50A4400AE23C7 /* SetUITests.swift in Sources */,
			);
			runOnlyForDeploymentPostprocessing = 0;
		};
/* End PBXSourcesBuildPhase section */

/* Begin PBXTargetDependency section */
		48BE93981FD50A4400AE23C7 /* PBXTargetDependency */ = {
			isa = PBXTargetDependency;
			target = 48BE93811FD50A4400AE23C7 /* Set */;
			targetProxy = 48BE93971FD50A4400AE23C7 /* PBXContainerItemProxy */;
		};
		48BE93A31FD50A4400AE23C7 /* PBXTargetDependency */ = {
			isa = PBXTargetDependency;
			target = 48BE93811FD50A4400AE23C7 /* Set */;
			targetProxy = 48BE93A21FD50A4400AE23C7 /* PBXContainerItemProxy */;
		};
/* End PBXTargetDependency section */

/* Begin PBXVariantGroup section */
		48BE93891FD50A4400AE23C7 /* Main.storyboard */ = {
			isa = PBXVariantGroup;
			children = (
				48BE938A1FD50A4400AE23C7 /* Base */,
			);
			name = Main.storyboard;
			sourceTree = "<group>";
		};
		48BE938E1FD50A4400AE23C7 /* LaunchScreen.storyboard */ = {
			isa = PBXVariantGroup;
			children = (
				48BE938F1FD50A4400AE23C7 /* Base */,
			);
			name = LaunchScreen.storyboard;
			sourceTree = "<group>";
		};
/* End PBXVariantGroup section */

/* Begin XCBuildConfiguration section */
		48BE93A81FD50A4400AE23C7 /* Debug */ = {
			isa = XCBuildConfiguration;
			buildSettings = {
				ALWAYS_SEARCH_USER_PATHS = NO;
				CLANG_ANALYZER_NONNULL = YES;
				CLANG_ANALYZER_NUMBER_OBJECT_CONVERSION = YES_AGGRESSIVE;
				CLANG_CXX_LANGUAGE_STANDARD = "gnu++14";
				CLANG_CXX_LIBRARY = "libc++";
				CLANG_ENABLE_MODULES = YES;
				CLANG_ENABLE_OBJC_ARC = YES;
				CLANG_WARN_BLOCK_CAPTURE_AUTORELEASING = YES;
				CLANG_WARN_BOOL_CONVERSION = YES;
				CLANG_WARN_COMMA = YES;
				CLANG_WARN_CONSTANT_CONVERSION = YES;
				CLANG_WARN_DIRECT_OBJC_ISA_USAGE = YES_ERROR;
				CLANG_WARN_DOCUMENTATION_COMMENTS = YES;
				CLANG_WARN_EMPTY_BODY = YES;
				CLANG_WARN_ENUM_CONVERSION = YES;
				CLANG_WARN_INFINITE_RECURSION = YES;
				CLANG_WARN_INT_CONVERSION = YES;
				CLANG_WARN_NON_LITERAL_NULL_CONVERSION = YES;
				CLANG_WARN_OBJC_LITERAL_CONVERSION = YES;
				CLANG_WARN_OBJC_ROOT_CLASS = YES_ERROR;
				CLANG_WARN_RANGE_LOOP_ANALYSIS = YES;
				CLANG_WARN_STRICT_PROTOTYPES = YES;
				CLANG_WARN_SUSPICIOUS_MOVE = YES;
				CLANG_WARN_UNGUARDED_AVAILABILITY = YES_AGGRESSIVE;
				CLANG_WARN_UNREACHABLE_CODE = YES;
				CLANG_WARN__DUPLICATE_METHOD_MATCH = YES;
				CODE_SIGN_IDENTITY = "iPhone Developer";
				COPY_PHASE_STRIP = NO;
				DEBUG_INFORMATION_FORMAT = dwarf;
				ENABLE_STRICT_OBJC_MSGSEND = YES;
				ENABLE_TESTABILITY = YES;
				GCC_C_LANGUAGE_STANDARD = gnu11;
				GCC_DYNAMIC_NO_PIC = NO;
				GCC_NO_COMMON_BLOCKS = YES;
				GCC_OPTIMIZATION_LEVEL = 0;
				GCC_PREPROCESSOR_DEFINITIONS = (
					"DEBUG=1",
					"$(inherited)",
				);
				GCC_WARN_64_TO_32_BIT_CONVERSION = YES;
				GCC_WARN_ABOUT_RETURN_TYPE = YES_ERROR;
				GCC_WARN_UNDECLARED_SELECTOR = YES;
				GCC_WARN_UNINITIALIZED_AUTOS = YES_AGGRESSIVE;
				GCC_WARN_UNUSED_FUNCTION = YES;
				GCC_WARN_UNUSED_VARIABLE = YES;
				IPHONEOS_DEPLOYMENT_TARGET = 11.1;
				MTL_ENABLE_DEBUG_INFO = YES;
				ONLY_ACTIVE_ARCH = YES;
				SDKROOT = iphoneos;
				SWIFT_ACTIVE_COMPILATION_CONDITIONS = DEBUG;
				SWIFT_OPTIMIZATION_LEVEL = "-Onone";
			};
			name = Debug;
		};
		48BE93A91FD50A4400AE23C7 /* Release */ = {
			isa = XCBuildConfiguration;
			buildSettings = {
				ALWAYS_SEARCH_USER_PATHS = NO;
				CLANG_ANALYZER_NONNULL = YES;
				CLANG_ANALYZER_NUMBER_OBJECT_CONVERSION = YES_AGGRESSIVE;
				CLANG_CXX_LANGUAGE_STANDARD = "gnu++14";
				CLANG_CXX_LIBRARY = "libc++";
				CLANG_ENABLE_MODULES = YES;
				CLANG_ENABLE_OBJC_ARC = YES;
				CLANG_WARN_BLOCK_CAPTURE_AUTORELEASING = YES;
				CLANG_WARN_BOOL_CONVERSION = YES;
				CLANG_WARN_COMMA = YES;
				CLANG_WARN_CONSTANT_CONVERSION = YES;
				CLANG_WARN_DIRECT_OBJC_ISA_USAGE = YES_ERROR;
				CLANG_WARN_DOCUMENTATION_COMMENTS = YES;
				CLANG_WARN_EMPTY_BODY = YES;
				CLANG_WARN_ENUM_CONVERSION = YES;
				CLANG_WARN_INFINITE_RECURSION = YES;
				CLANG_WARN_INT_CONVERSION = YES;
				CLANG_WARN_NON_LITERAL_NULL_CONVERSION = YES;
				CLANG_WARN_OBJC_LITERAL_CONVERSION = YES;
				CLANG_WARN_OBJC_ROOT_CLASS = YES_ERROR;
				CLANG_WARN_RANGE_LOOP_ANALYSIS = YES;
				CLANG_WARN_STRICT_PROTOTYPES = YES;
				CLANG_WARN_SUSPICIOUS_MOVE = YES;
				CLANG_WARN_UNGUARDED_AVAILABILITY = YES_AGGRESSIVE;
				CLANG_WARN_UNREACHABLE_CODE = YES;
				CLANG_WARN__DUPLICATE_METHOD_MATCH = YES;
				CODE_SIGN_IDENTITY = "iPhone Developer";
				COPY_PHASE_STRIP = NO;
				DEBUG_INFORMATION_FORMAT = "dwarf-with-dsym";
				ENABLE_NS_ASSERTIONS = NO;
				ENABLE_STRICT_OBJC_MSGSEND = YES;
				GCC_C_LANGUAGE_STANDARD = gnu11;
				GCC_NO_COMMON_BLOCKS = YES;
				GCC_WARN_64_TO_32_BIT_CONVERSION = YES;
				GCC_WARN_ABOUT_RETURN_TYPE = YES_ERROR;
				GCC_WARN_UNDECLARED_SELECTOR = YES;
				GCC_WARN_UNINITIALIZED_AUTOS = YES_AGGRESSIVE;
				GCC_WARN_UNUSED_FUNCTION = YES;
				GCC_WARN_UNUSED_VARIABLE = YES;
				IPHONEOS_DEPLOYMENT_TARGET = 11.1;
				MTL_ENABLE_DEBUG_INFO = NO;
				SDKROOT = iphoneos;
				SWIFT_OPTIMIZATION_LEVEL = "-Owholemodule";
				VALIDATE_PRODUCT = YES;
			};
			name = Release;
		};
		48BE93AB1FD50A4400AE23C7 /* Debug */ = {
			isa = XCBuildConfiguration;
			buildSettings = {
				ASSETCATALOG_COMPILER_APPICON_NAME = AppIcon;
				CODE_SIGN_STYLE = Automatic;
				CURRENT_PROJECT_VERSION = 10;
				DEVELOPMENT_TEAM = 9JN3X82564;
				INFOPLIST_FILE = Set/Info.plist;
				LD_RUNPATH_SEARCH_PATHS = "$(inherited) @executable_path/Frameworks";
				PRODUCT_BUNDLE_IDENTIFIER = diddly.bot.studios.Set;
				PRODUCT_NAME = "$(TARGET_NAME)";
				SWIFT_VERSION = 4.0;
				TARGETED_DEVICE_FAMILY = "1,2";
				VERSIONING_SYSTEM = "apple-generic";
			};
			name = Debug;
		};
		48BE93AC1FD50A4400AE23C7 /* Release */ = {
			isa = XCBuildConfiguration;
			buildSettings = {
				ASSETCATALOG_COMPILER_APPICON_NAME = AppIcon;
				CODE_SIGN_STYLE = Automatic;
				CURRENT_PROJECT_VERSION = 10;
				DEVELOPMENT_TEAM = 9JN3X82564;
				INFOPLIST_FILE = Set/Info.plist;
				LD_RUNPATH_SEARCH_PATHS = "$(inherited) @executable_path/Frameworks";
				PRODUCT_BUNDLE_IDENTIFIER = diddly.bot.studios.Set;
				PRODUCT_NAME = "$(TARGET_NAME)";
				SWIFT_VERSION = 4.0;
				TARGETED_DEVICE_FAMILY = "1,2";
				VERSIONING_SYSTEM = "apple-generic";
			};
			name = Release;
		};
		48BE93AE1FD50A4400AE23C7 /* Debug */ = {
			isa = XCBuildConfiguration;
			buildSettings = {
				ALWAYS_EMBED_SWIFT_STANDARD_LIBRARIES = YES;
				BUNDLE_LOADER = "$(TEST_HOST)";
				CODE_SIGN_STYLE = Automatic;
				DEVELOPMENT_TEAM = 9JN3X82564;
				INFOPLIST_FILE = SetTests/Info.plist;
				LD_RUNPATH_SEARCH_PATHS = "$(inherited) @executable_path/Frameworks @loader_path/Frameworks";
				PRODUCT_BUNDLE_IDENTIFIER = diddly.bot.studios.SetTests;
				PRODUCT_NAME = "$(TARGET_NAME)";
				SWIFT_VERSION = 4.0;
				TARGETED_DEVICE_FAMILY = "1,2";
				TEST_HOST = "$(BUILT_PRODUCTS_DIR)/Set.app/Set";
			};
			name = Debug;
		};
		48BE93AF1FD50A4400AE23C7 /* Release */ = {
			isa = XCBuildConfiguration;
			buildSettings = {
				ALWAYS_EMBED_SWIFT_STANDARD_LIBRARIES = YES;
				BUNDLE_LOADER = "$(TEST_HOST)";
				CODE_SIGN_STYLE = Automatic;
				DEVELOPMENT_TEAM = 9JN3X82564;
				INFOPLIST_FILE = SetTests/Info.plist;
				LD_RUNPATH_SEARCH_PATHS = "$(inherited) @executable_path/Frameworks @loader_path/Frameworks";
				PRODUCT_BUNDLE_IDENTIFIER = diddly.bot.studios.SetTests;
				PRODUCT_NAME = "$(TARGET_NAME)";
				SWIFT_VERSION = 4.0;
				TARGETED_DEVICE_FAMILY = "1,2";
				TEST_HOST = "$(BUILT_PRODUCTS_DIR)/Set.app/Set";
			};
			name = Release;
		};
		48BE93B11FD50A4400AE23C7 /* Debug */ = {
			isa = XCBuildConfiguration;
			buildSettings = {
				ALWAYS_EMBED_SWIFT_STANDARD_LIBRARIES = YES;
				CODE_SIGN_STYLE = Automatic;
				DEVELOPMENT_TEAM = 9JN3X82564;
				INFOPLIST_FILE = SetUITests/Info.plist;
				LD_RUNPATH_SEARCH_PATHS = "$(inherited) @executable_path/Frameworks @loader_path/Frameworks";
				PRODUCT_BUNDLE_IDENTIFIER = diddly.bot.studios.SetUITests;
				PRODUCT_NAME = "$(TARGET_NAME)";
				SWIFT_VERSION = 4.0;
				TARGETED_DEVICE_FAMILY = "1,2";
				TEST_TARGET_NAME = Set;
			};
			name = Debug;
		};
		48BE93B21FD50A4400AE23C7 /* Release */ = {
			isa = XCBuildConfiguration;
			buildSettings = {
				ALWAYS_EMBED_SWIFT_STANDARD_LIBRARIES = YES;
				CODE_SIGN_STYLE = Automatic;
				DEVELOPMENT_TEAM = 9JN3X82564;
				INFOPLIST_FILE = SetUITests/Info.plist;
				LD_RUNPATH_SEARCH_PATHS = "$(inherited) @executable_path/Frameworks @loader_path/Frameworks";
				PRODUCT_BUNDLE_IDENTIFIER = diddly.bot.studios.SetUITests;
				PRODUCT_NAME = "$(TARGET_NAME)";
				SWIFT_VERSION = 4.0;
				TARGETED_DEVICE_FAMILY = "1,2";
				TEST_TARGET_NAME = Set;
			};
			name = Release;
		};
/* End XCBuildConfiguration section */

/* Begin XCConfigurationList section */
		48BE937D1FD50A4400AE23C7 /* Build configuration list for PBXProject "Set" */ = {
			isa = XCConfigurationList;
			buildConfigurations = (
				48BE93A81FD50A4400AE23C7 /* Debug */,
				48BE93A91FD50A4400AE23C7 /* Release */,
			);
			defaultConfigurationIsVisible = 0;
			defaultConfigurationName = Release;
		};
		48BE93AA1FD50A4400AE23C7 /* Build configuration list for PBXNativeTarget "Set" */ = {
			isa = XCConfigurationList;
			buildConfigurations = (
				48BE93AB1FD50A4400AE23C7 /* Debug */,
				48BE93AC1FD50A4400AE23C7 /* Release */,
			);
			defaultConfigurationIsVisible = 0;
			defaultConfigurationName = Release;
		};
		48BE93AD1FD50A4400AE23C7 /* Build configuration list for PBXNativeTarget "SetTests" */ = {
			isa = XCConfigurationList;
			buildConfigurations = (
				48BE93AE1FD50A4400AE23C7 /* Debug */,
				48BE93AF1FD50A4400AE23C7 /* Release */,
			);
			defaultConfigurationIsVisible = 0;
			defaultConfigurationName = Release;
		};
		48BE93B01FD50A4400AE23C7 /* Build configuration list for PBXNativeTarget "SetUITests" */ = {
			isa = XCConfigurationList;
			buildConfigurations = (
				48BE93B11FD50A4400AE23C7 /* Debug */,
				48BE93B21FD50A4400AE23C7 /* Release */,
			);
			defaultConfigurationIsVisible = 0;
			defaultConfigurationName = Release;
		};
/* End XCConfigurationList section */
	};
	rootObject = 48BE937A1FD50A4400AE23C7 /* Project object */;
}
